
Microsoft Visual Studio Solution File, Format Version 12.00
# Visual Studio Version 17
VisualStudioVersion = 17.14.36518.9 d17.14
MinimumVisualStudioVersion = 10.0.40219.1
Project("{FAE04EC0-301F-11D3-BF4B-00C04F79EFBC}") = "ClientesAPI", "ClientesAPI\ClientesAPI.csproj", "{2C252258-BB8A-404A-86C3-D9FCB86067B3}"
EndProject
Global
	GlobalSection(SolutionConfigurationPlatforms) = preSolution
		Debug|Any CPU = Debug|Any CPU
		Release|Any CPU = Release|Any CPU
	EndGlobalSection
	GlobalSection(ProjectConfigurationPlatforms) = postSolution
		{2C252258-BB8A-404A-86C3-D9FCB86067B3}.Debug|Any CPU.ActiveCfg = Debug|Any CPU
		{2C252258-BB8A-404A-86C3-D9FCB86067B3}.Debug|Any CPU.Build.0 = Debug|Any CPU
		{2C252258-BB8A-404A-86C3-D9FCB86067B3}.Release|Any CPU.ActiveCfg = Release|Any CPU
		{2C252258-BB8A-404A-86C3-D9FCB86067B3}.Release|Any CPU.Build.0 = Release|Any CPU
	EndGlobalSection
	GlobalSection(SolutionProperties) = preSolution
		HideSolutionNode = FALSE
	EndGlobalSection
	GlobalSection(ExtensibilityGlobals) = postSolution
		SolutionGuid = {59546DEF-9E52-4B96-9FCE-776ACE0DD680}
	EndGlobalSection
EndGlobal
